
Microsoft Visual Studio Solution File, Format Version 12.00
# Visual Studio 15
VisualStudioVersion = 15.0.28307.1622
MinimumVisualStudioVersion = 10.0.40219.1
Project("{FAE04EC0-301F-11D3-BF4B-00C04F79EFBC}") = "Парные картинки 2.0", "Парные картинки 2.0\Парные картинки 2.0.csproj", "{8E42D04B-ABFF-4D56-9B59-FDCE62F64CE9}"
EndProject
Global
	GlobalSection(SolutionConfigurationPlatforms) = preSolution
		Debug|Any CPU = Debug|Any CPU
		Release|Any CPU = Release|Any CPU
	EndGlobalSection
	GlobalSection(ProjectConfigurationPlatforms) = postSolution
		{8E42D04B-ABFF-4D56-9B59-FDCE62F64CE9}.Debug|Any CPU.ActiveCfg = Debug|Any CPU
		{8E42D04B-ABFF-4D56-9B59-FDCE62F64CE9}.Debug|Any CPU.Build.0 = Debug|Any CPU
		{8E42D04B-ABFF-4D56-9B59-FDCE62F64CE9}.Release|Any CPU.ActiveCfg = Release|Any CPU
		{8E42D04B-ABFF-4D56-9B59-FDCE62F64CE9}.Release|Any CPU.Build.0 = Release|Any CPU
	EndGlobalSection
	GlobalSection(SolutionProperties) = preSolution
		HideSolutionNode = FALSE
	EndGlobalSection
	GlobalSection(ExtensibilityGlobals) = postSolution
		SolutionGuid = {DDD39172-DD35-4E5D-8A99-65A41243DAFD}
	EndGlobalSection
EndGlobal
